
Microsoft Visual Studio Solution File, Format Version 12.00
# Visual Studio Version 16
VisualStudioVersion = 16.0.30907.101
MinimumVisualStudioVersion = 10.0.40219.1
Project("{9A19103F-16F7-4668-BE54-9A1E7A4F7556}") = "Laboratorio1DATA", "Laboratorio1DATA\Laboratorio1DATA.csproj", "{B7229521-1B11-46C5-BF6D-09E179DAA569}"
EndProject
Project("{9A19103F-16F7-4668-BE54-9A1E7A4F7556}") = "Laboratorio1Models", "Laboratorio1Models\Laboratorio1Models.csproj", "{620B7ED3-C884-4F64-9A8C-8B67EB39CD18}"
EndProject
Project("{9A19103F-16F7-4668-BE54-9A1E7A4F7556}") = "Laboratorio1Web", "Laboratorio1Web\Laboratorio1Web.csproj", "{FA69A667-8B1F-40A1-9F49-54ACA944A963}"
EndProject
Global
	GlobalSection(SolutionConfigurationPlatforms) = preSolution
		Debug|Any CPU = Debug|Any CPU
		Release|Any CPU = Release|Any CPU
	EndGlobalSection
	GlobalSection(ProjectConfigurationPlatforms) = postSolution
		{B7229521-1B11-46C5-BF6D-09E179DAA569}.Debug|Any CPU.ActiveCfg = Debug|Any CPU
		{B7229521-1B11-46C5-BF6D-09E179DAA569}.Debug|Any CPU.Build.0 = Debug|Any CPU
		{B7229521-1B11-46C5-BF6D-09E179DAA569}.Release|Any CPU.ActiveCfg = Release|Any CPU
		{B7229521-1B11-46C5-BF6D-09E179DAA569}.Release|Any CPU.Build.0 = Release|Any CPU
		{620B7ED3-C884-4F64-9A8C-8B67EB39CD18}.Debug|Any CPU.ActiveCfg = Debug|Any CPU
		{620B7ED3-C884-4F64-9A8C-8B67EB39CD18}.Debug|Any CPU.Build.0 = Debug|Any CPU
		{620B7ED3-C884-4F64-9A8C-8B67EB39CD18}.Release|Any CPU.ActiveCfg = Release|Any CPU
		{620B7ED3-C884-4F64-9A8C-8B67EB39CD18}.Release|Any CPU.Build.0 = Release|Any CPU
		{FA69A667-8B1F-40A1-9F49-54ACA944A963}.Debug|Any CPU.ActiveCfg = Debug|Any CPU
		{FA69A667-8B1F-40A1-9F49-54ACA944A963}.Debug|Any CPU.Build.0 = Debug|Any CPU
		{FA69A667-8B1F-40A1-9F49-54ACA944A963}.Release|Any CPU.ActiveCfg = Release|Any CPU
		{FA69A667-8B1F-40A1-9F49-54ACA944A963}.Release|Any CPU.Build.0 = Release|Any CPU
	EndGlobalSection
	GlobalSection(SolutionProperties) = preSolution
		HideSolutionNode = FALSE
	EndGlobalSection
	GlobalSection(ExtensibilityGlobals) = postSolution
		SolutionGuid = {04AB1742-61D5-4714-AE3B-2122A5B1C551}
	EndGlobalSection
EndGlobal
